
Microsoft Visual Studio Solution File, Format Version 12.00
# Visual Studio Version 16
VisualStudioVersion = 16.0.29613.14
MinimumVisualStudioVersion = 10.0.40219.1
Project("{9A19103F-16F7-4668-BE54-9A1E7A4F7556}") = "AccountOwnerServer", "AccountOwnerServer.csproj", "{4B1CDEBA-7B11-4F29-897E-D16A7ADBB0E9}"
EndProject
Project("{9A19103F-16F7-4668-BE54-9A1E7A4F7556}") = "Contracts", "..\Contracts\Contracts.csproj", "{A1A9322A-1F0F-4783-A3B9-81518D13A19B}"
EndProject
Project("{9A19103F-16F7-4668-BE54-9A1E7A4F7556}") = "LoggerService", "..\LoggerService\LoggerService.csproj", "{A9E73206-6B5F-415B-ADC7-A20D0554A4F8}"
EndProject
Project("{FAE04EC0-301F-11D3-BF4B-00C04F79EFBC}") = "Entities", "..\Entities\Entities.csproj", "{96CBFAFC-734A-45C1-BECE-D03EA8F86771}"
EndProject
Project("{FAE04EC0-301F-11D3-BF4B-00C04F79EFBC}") = "Repository", "..\Repository\Repository.csproj", "{9FA44692-7F9B-48A5-8B8E-631C0FB93229}"
EndProject
Global
	GlobalSection(SolutionConfigurationPlatforms) = preSolution
		Debug|Any CPU = Debug|Any CPU
		Release|Any CPU = Release|Any CPU
	EndGlobalSection
	GlobalSection(ProjectConfigurationPlatforms) = postSolution
		{4B1CDEBA-7B11-4F29-897E-D16A7ADBB0E9}.Debug|Any CPU.ActiveCfg = Debug|Any CPU
		{4B1CDEBA-7B11-4F29-897E-D16A7ADBB0E9}.Debug|Any CPU.Build.0 = Debug|Any CPU
		{4B1CDEBA-7B11-4F29-897E-D16A7ADBB0E9}.Release|Any CPU.ActiveCfg = Release|Any CPU
		{4B1CDEBA-7B11-4F29-897E-D16A7ADBB0E9}.Release|Any CPU.Build.0 = Release|Any CPU
		{A1A9322A-1F0F-4783-A3B9-81518D13A19B}.Debug|Any CPU.ActiveCfg = Debug|Any CPU
		{A1A9322A-1F0F-4783-A3B9-81518D13A19B}.Debug|Any CPU.Build.0 = Debug|Any CPU
		{A1A9322A-1F0F-4783-A3B9-81518D13A19B}.Release|Any CPU.ActiveCfg = Release|Any CPU
		{A1A9322A-1F0F-4783-A3B9-81518D13A19B}.Release|Any CPU.Build.0 = Release|Any CPU
		{A9E73206-6B5F-415B-ADC7-A20D0554A4F8}.Debug|Any CPU.ActiveCfg = Debug|Any CPU
		{A9E73206-6B5F-415B-ADC7-A20D0554A4F8}.Debug|Any CPU.Build.0 = Debug|Any CPU
		{A9E73206-6B5F-415B-ADC7-A20D0554A4F8}.Release|Any CPU.ActiveCfg = Release|Any CPU
		{A9E73206-6B5F-415B-ADC7-A20D0554A4F8}.Release|Any CPU.Build.0 = Release|Any CPU
		{96CBFAFC-734A-45C1-BECE-D03EA8F86771}.Debug|Any CPU.ActiveCfg = Debug|Any CPU
		{96CBFAFC-734A-45C1-BECE-D03EA8F86771}.Debug|Any CPU.Build.0 = Debug|Any CPU
		{96CBFAFC-734A-45C1-BECE-D03EA8F86771}.Release|Any CPU.ActiveCfg = Release|Any CPU
		{96CBFAFC-734A-45C1-BECE-D03EA8F86771}.Release|Any CPU.Build.0 = Release|Any CPU
		{9FA44692-7F9B-48A5-8B8E-631C0FB93229}.Debug|Any CPU.ActiveCfg = Debug|Any CPU
		{9FA44692-7F9B-48A5-8B8E-631C0FB93229}.Debug|Any CPU.Build.0 = Debug|Any CPU
		{9FA44692-7F9B-48A5-8B8E-631C0FB93229}.Release|Any CPU.ActiveCfg = Release|Any CPU
		{9FA44692-7F9B-48A5-8B8E-631C0FB93229}.Release|Any CPU.Build.0 = Release|Any CPU
	EndGlobalSection
	GlobalSection(SolutionProperties) = preSolution
		HideSolutionNode = FALSE
	EndGlobalSection
	GlobalSection(ExtensibilityGlobals) = postSolution
		SolutionGuid = {A796E152-8223-4115-AFC9-64DCC776C112}
	EndGlobalSection
EndGlobal
